
Microsoft Visual Studio Solution File, Format Version 12.00
# Visual Studio Version 17
VisualStudioVersion = 17.6.33723.286
MinimumVisualStudioVersion = 10.0.40219.1
Project("{FAE04EC0-301F-11D3-BF4B-00C04F79EFBC}") = "LyricsFinder.NET", "LyricsFinder.NET.csproj", "{89F0E3A8-094D-4AD8-BDD6-1BDF374D6ABC}"
EndProject
Global
	GlobalSection(SolutionConfigurationPlatforms) = preSolution
		Debug|Any CPU = Debug|Any CPU
		Release|Any CPU = Release|Any CPU
	EndGlobalSection
	GlobalSection(ProjectConfigurationPlatforms) = postSolution
		{89F0E3A8-094D-4AD8-BDD6-1BDF374D6ABC}.Debug|Any CPU.ActiveCfg = Debug|Any CPU
		{89F0E3A8-094D-4AD8-BDD6-1BDF374D6ABC}.Debug|Any CPU.Build.0 = Debug|Any CPU
		{89F0E3A8-094D-4AD8-BDD6-1BDF374D6ABC}.Release|Any CPU.ActiveCfg = Release|Any CPU
		{89F0E3A8-094D-4AD8-BDD6-1BDF374D6ABC}.Release|Any CPU.Build.0 = Release|Any CPU
	EndGlobalSection
	GlobalSection(SolutionProperties) = preSolution
		HideSolutionNode = FALSE
	EndGlobalSection
	GlobalSection(ExtensibilityGlobals) = postSolution
		SolutionGuid = {65F14251-7C63-44A7-9906-631112C48DAC}
	EndGlobalSection
EndGlobal
